
Microsoft Visual Studio Solution File, Format Version 12.00
# Visual Studio Version 17
VisualStudioVersion = 17.14.36429.23
MinimumVisualStudioVersion = 10.0.40219.1
Project("{8BC9CEB8-8B4A-11D0-8D11-00A0C91BC942}") = "CS3060Project", "CS3060Project\CS3060Project.vcxproj", "{0E959491-C792-40C5-9906-10F9AC9F0F83}"
EndProject
Project("{8BC9CEB8-8B4A-11D0-8D11-00A0C91BC942}") = "Sandbox", "Sandbox\Sandbox.vcxproj", "{9DFAEA36-2A9A-44F2-BD98-FA855B3E4AB2}"
EndProject
Global
	GlobalSection(SolutionConfigurationPlatforms) = preSolution
		Debug|x64 = Debug|x64
		Debug|x86 = Debug|x86
		Release|x64 = Release|x64
		Release|x86 = Release|x86
	EndGlobalSection
	GlobalSection(ProjectConfigurationPlatforms) = postSolution
		{0E959491-C792-40C5-9906-10F9AC9F0F83}.Debug|x64.ActiveCfg = Debug|x64
		{0E959491-C792-40C5-9906-10F9AC9F0F83}.Debug|x64.Build.0 = Debug|x64
		{0E959491-C792-40C5-9906-10F9AC9F0F83}.Debug|x86.ActiveCfg = Debug|Win32
		{0E959491-C792-40C5-9906-10F9AC9F0F83}.Debug|x86.Build.0 = Debug|Win32
		{0E959491-C792-40C5-9906-10F9AC9F0F83}.Release|x64.ActiveCfg = Release|x64
		{0E959491-C792-40C5-9906-10F9AC9F0F83}.Release|x64.Build.0 = Release|x64
		{0E959491-C792-40C5-9906-10F9AC9F0F83}.Release|x86.ActiveCfg = Release|Win32
		{0E959491-C792-40C5-9906-10F9AC9F0F83}.Release|x86.Build.0 = Release|Win32
		{9DFAEA36-2A9A-44F2-BD98-FA855B3E4AB2}.Debug|x64.ActiveCfg = Debug|x64
		{9DFAEA36-2A9A-44F2-BD98-FA855B3E4AB2}.Debug|x64.Build.0 = Debug|x64
		{9DFAEA36-2A9A-44F2-BD98-FA855B3E4AB2}.Debug|x86.ActiveCfg = Debug|Win32
		{9DFAEA36-2A9A-44F2-BD98-FA855B3E4AB2}.Debug|x86.Build.0 = Debug|Win32
		{9DFAEA36-2A9A-44F2-BD98-FA855B3E4AB2}.Release|x64.ActiveCfg = Release|x64
		{9DFAEA36-2A9A-44F2-BD98-FA855B3E4AB2}.Release|x64.Build.0 = Release|x64
		{9DFAEA36-2A9A-44F2-BD98-FA855B3E4AB2}.Release|x86.ActiveCfg = Release|Win32
		{9DFAEA36-2A9A-44F2-BD98-FA855B3E4AB2}.Release|x86.Build.0 = Release|Win32
	EndGlobalSection
	GlobalSection(SolutionProperties) = preSolution
		HideSolutionNode = FALSE
	EndGlobalSection
	GlobalSection(ExtensibilityGlobals) = postSolution
		SolutionGuid = {3621516A-5617-4A97-921B-FE6B5BC88425}
	EndGlobalSection
EndGlobal
